{
  "nodes": {
    "nixpkgs": {
      "locked": {
        "lastModified": 1736489078,
        "narHash": "sha256-mbtAskKz6fztZXx3NSiWAm5m9RxJazh7M1Dbs66ha2Q=",
        "owner": "nixos",
        "repo": "nixpkgs",
        "rev": "24a8c64c2b167c40116fc7b98192710d5ccd2c2d",
        "type": "github"
      },
      "original": {
        "owner": "nixos",
        "repo": "nixpkgs",
        "type": "github"
      }
    },
    "root": {
      "inputs": {
        "nixpkgs": "nixpkgs"
      }
    }
  },
  "root": "root",
  "version": 7
}
