{
  "nodes": {
    "nixpkgs": {
      "locked": {
        "lastModified": 1736494861,
        "narHash": "sha256-wk1IUi0q7mThhinaIoVfmvhwFtLkX5llDguffuJ9EJw=",
        "owner": "nixos",
        "repo": "nixpkgs",
        "rev": "c7a58a18575a998dfa01bc7b72d3a21ef771d771",
        "type": "github"
      },
      "original": {
        "owner": "nixos",
        "repo": "nixpkgs",
        "type": "github"
      }
    },
    "root": {
      "inputs": {
        "nixpkgs": "nixpkgs"
      }
    }
  },
  "root": "root",
  "version": 7
}
